
Microsoft Visual Studio Solution File, Format Version 12.00
# Visual Studio Version 17
VisualStudioVersion = 17.7.34003.232
MinimumVisualStudioVersion = 10.0.40219.1
Project("{FAE04EC0-301F-11D3-BF4B-00C04F79EFBC}") = "Land.Android", "Land\Land.Android\Land.Android.csproj", "{5C5597DA-B791-4E32-A387-D23D3E1F90AC}"
EndProject
Project("{FAE04EC0-301F-11D3-BF4B-00C04F79EFBC}") = "Land.iOS", "Land\Land.iOS\Land.iOS.csproj", "{CB23A278-914B-437C-A117-BB75803CC295}"
EndProject
Project("{FAE04EC0-301F-11D3-BF4B-00C04F79EFBC}") = "Land", "Land\Land\Land.csproj", "{75E6F3D4-B0B7-4E9F-A33E-69C81142F145}"
EndProject
Global
	GlobalSection(SolutionConfigurationPlatforms) = preSolution
		Debug|Any CPU = Debug|Any CPU
		Debug|iPhone = Debug|iPhone
		Debug|iPhoneSimulator = Debug|iPhoneSimulator
		Release|Any CPU = Release|Any CPU
		Release|iPhone = Release|iPhone
		Release|iPhoneSimulator = Release|iPhoneSimulator
	EndGlobalSection
	GlobalSection(ProjectConfigurationPlatforms) = postSolution
		{5C5597DA-B791-4E32-A387-D23D3E1F90AC}.Debug|Any CPU.ActiveCfg = Debug|Any CPU
		{5C5597DA-B791-4E32-A387-D23D3E1F90AC}.Debug|Any CPU.Build.0 = Debug|Any CPU
		{5C5597DA-B791-4E32-A387-D23D3E1F90AC}.Debug|Any CPU.Deploy.0 = Debug|Any CPU
		{5C5597DA-B791-4E32-A387-D23D3E1F90AC}.Debug|iPhone.ActiveCfg = Debug|Any CPU
		{5C5597DA-B791-4E32-A387-D23D3E1F90AC}.Debug|iPhone.Build.0 = Debug|Any CPU
		{5C5597DA-B791-4E32-A387-D23D3E1F90AC}.Debug|iPhone.Deploy.0 = Debug|Any CPU
		{5C5597DA-B791-4E32-A387-D23D3E1F90AC}.Debug|iPhoneSimulator.ActiveCfg = Debug|Any CPU
		{5C5597DA-B791-4E32-A387-D23D3E1F90AC}.Debug|iPhoneSimulator.Build.0 = Debug|Any CPU
		{5C5597DA-B791-4E32-A387-D23D3E1F90AC}.Debug|iPhoneSimulator.Deploy.0 = Debug|Any CPU
		{5C5597DA-B791-4E32-A387-D23D3E1F90AC}.Release|Any CPU.ActiveCfg = Release|Any CPU
		{5C5597DA-B791-4E32-A387-D23D3E1F90AC}.Release|Any CPU.Build.0 = Release|Any CPU
		{5C5597DA-B791-4E32-A387-D23D3E1F90AC}.Release|Any CPU.Deploy.0 = Release|Any CPU
		{5C5597DA-B791-4E32-A387-D23D3E1F90AC}.Release|iPhone.ActiveCfg = Release|Any CPU
		{5C5597DA-B791-4E32-A387-D23D3E1F90AC}.Release|iPhone.Build.0 = Release|Any CPU
		{5C5597DA-B791-4E32-A387-D23D3E1F90AC}.Release|iPhone.Deploy.0 = Release|Any CPU
		{5C5597DA-B791-4E32-A387-D23D3E1F90AC}.Release|iPhoneSimulator.ActiveCfg = Release|Any CPU
		{5C5597DA-B791-4E32-A387-D23D3E1F90AC}.Release|iPhoneSimulator.Build.0 = Release|Any CPU
		{5C5597DA-B791-4E32-A387-D23D3E1F90AC}.Release|iPhoneSimulator.Deploy.0 = Release|Any CPU
		{CB23A278-914B-437C-A117-BB75803CC295}.Debug|Any CPU.ActiveCfg = Debug|iPhone
		{CB23A278-914B-437C-A117-BB75803CC295}.Debug|Any CPU.Build.0 = Debug|iPhone
		{CB23A278-914B-437C-A117-BB75803CC295}.Debug|Any CPU.Deploy.0 = Debug|iPhone
		{CB23A278-914B-437C-A117-BB75803CC295}.Debug|iPhone.ActiveCfg = Debug|iPhone
		{CB23A278-914B-437C-A117-BB75803CC295}.Debug|iPhone.Build.0 = Debug|iPhone
		{CB23A278-914B-437C-A117-BB75803CC295}.Debug|iPhone.Deploy.0 = Debug|iPhone
		{CB23A278-914B-437C-A117-BB75803CC295}.Debug|iPhoneSimulator.ActiveCfg = Debug|iPhoneSimulator
		{CB23A278-914B-437C-A117-BB75803CC295}.Debug|iPhoneSimulator.Build.0 = Debug|iPhoneSimulator
		{CB23A278-914B-437C-A117-BB75803CC295}.Debug|iPhoneSimulator.Deploy.0 = Debug|iPhoneSimulator
		{CB23A278-914B-437C-A117-BB75803CC295}.Release|Any CPU.ActiveCfg = Release|iPhoneSimulator
		{CB23A278-914B-437C-A117-BB75803CC295}.Release|Any CPU.Build.0 = Release|iPhoneSimulator
		{CB23A278-914B-437C-A117-BB75803CC295}.Release|Any CPU.Deploy.0 = Release|iPhoneSimulator
		{CB23A278-914B-437C-A117-BB75803CC295}.Release|iPhone.ActiveCfg = Release|iPhone
		{CB23A278-914B-437C-A117-BB75803CC295}.Release|iPhone.Build.0 = Release|iPhone
		{CB23A278-914B-437C-A117-BB75803CC295}.Release|iPhone.Deploy.0 = Release|iPhone
		{CB23A278-914B-437C-A117-BB75803CC295}.Release|iPhoneSimulator.ActiveCfg = Release|iPhoneSimulator
		{CB23A278-914B-437C-A117-BB75803CC295}.Release|iPhoneSimulator.Build.0 = Release|iPhoneSimulator
		{CB23A278-914B-437C-A117-BB75803CC295}.Release|iPhoneSimulator.Deploy.0 = Release|iPhoneSimulator
		{75E6F3D4-B0B7-4E9F-A33E-69C81142F145}.Debug|Any CPU.ActiveCfg = Debug|Any CPU
		{75E6F3D4-B0B7-4E9F-A33E-69C81142F145}.Debug|Any CPU.Build.0 = Debug|Any CPU
		{75E6F3D4-B0B7-4E9F-A33E-69C81142F145}.Debug|Any CPU.Deploy.0 = Debug|Any CPU
		{75E6F3D4-B0B7-4E9F-A33E-69C81142F145}.Debug|iPhone.ActiveCfg = Debug|Any CPU
		{75E6F3D4-B0B7-4E9F-A33E-69C81142F145}.Debug|iPhone.Build.0 = Debug|Any CPU
		{75E6F3D4-B0B7-4E9F-A33E-69C81142F145}.Debug|iPhone.Deploy.0 = Debug|Any CPU
		{75E6F3D4-B0B7-4E9F-A33E-69C81142F145}.Debug|iPhoneSimulator.ActiveCfg = Debug|Any CPU
		{75E6F3D4-B0B7-4E9F-A33E-69C81142F145}.Debug|iPhoneSimulator.Build.0 = Debug|Any CPU
		{75E6F3D4-B0B7-4E9F-A33E-69C81142F145}.Debug|iPhoneSimulator.Deploy.0 = Debug|Any CPU
		{75E6F3D4-B0B7-4E9F-A33E-69C81142F145}.Release|Any CPU.ActiveCfg = Release|Any CPU
		{75E6F3D4-B0B7-4E9F-A33E-69C81142F145}.Release|Any CPU.Build.0 = Release|Any CPU
		{75E6F3D4-B0B7-4E9F-A33E-69C81142F145}.Release|Any CPU.Deploy.0 = Release|Any CPU
		{75E6F3D4-B0B7-4E9F-A33E-69C81142F145}.Release|iPhone.ActiveCfg = Release|Any CPU
		{75E6F3D4-B0B7-4E9F-A33E-69C81142F145}.Release|iPhone.Build.0 = Release|Any CPU
		{75E6F3D4-B0B7-4E9F-A33E-69C81142F145}.Release|iPhone.Deploy.0 = Release|Any CPU
		{75E6F3D4-B0B7-4E9F-A33E-69C81142F145}.Release|iPhoneSimulator.ActiveCfg = Release|Any CPU
		{75E6F3D4-B0B7-4E9F-A33E-69C81142F145}.Release|iPhoneSimulator.Build.0 = Release|Any CPU
		{75E6F3D4-B0B7-4E9F-A33E-69C81142F145}.Release|iPhoneSimulator.Deploy.0 = Release|Any CPU
	EndGlobalSection
	GlobalSection(SolutionProperties) = preSolution
		HideSolutionNode = FALSE
	EndGlobalSection
	GlobalSection(ExtensibilityGlobals) = postSolution
		SolutionGuid = {C151F551-A551-4E8F-9BAA-C1E705FA4AE7}
	EndGlobalSection
EndGlobal
