
Microsoft Visual Studio Solution File, Format Version 12.00
# Visual Studio Version 17
VisualStudioVersion = 17.7.34003.232
MinimumVisualStudioVersion = 10.0.40219.1
Project("{FAE04EC0-301F-11D3-BF4B-00C04F79EFBC}") = "ToDoList.Android", "ToDoList\ToDoList.Android\ToDoList.Android.csproj", "{929FAE5C-91F2-4B01-8C4A-ECF2DC30BDB6}"
EndProject
Project("{FAE04EC0-301F-11D3-BF4B-00C04F79EFBC}") = "ToDoList.iOS", "ToDoList\ToDoList.iOS\ToDoList.iOS.csproj", "{7C92BCEB-6A4B-4ABC-9357-CF41C7EEAB4D}"
EndProject
Project("{FAE04EC0-301F-11D3-BF4B-00C04F79EFBC}") = "ToDoList", "ToDoList\ToDoList\ToDoList.csproj", "{F464D8AD-348C-4BA3-903A-62963DF083EA}"
EndProject
Global
	GlobalSection(SolutionConfigurationPlatforms) = preSolution
		Debug|Any CPU = Debug|Any CPU
		Debug|iPhone = Debug|iPhone
		Debug|iPhoneSimulator = Debug|iPhoneSimulator
		Release|Any CPU = Release|Any CPU
		Release|iPhone = Release|iPhone
		Release|iPhoneSimulator = Release|iPhoneSimulator
	EndGlobalSection
	GlobalSection(ProjectConfigurationPlatforms) = postSolution
		{929FAE5C-91F2-4B01-8C4A-ECF2DC30BDB6}.Debug|Any CPU.ActiveCfg = Debug|Any CPU
		{929FAE5C-91F2-4B01-8C4A-ECF2DC30BDB6}.Debug|Any CPU.Build.0 = Debug|Any CPU
		{929FAE5C-91F2-4B01-8C4A-ECF2DC30BDB6}.Debug|Any CPU.Deploy.0 = Debug|Any CPU
		{929FAE5C-91F2-4B01-8C4A-ECF2DC30BDB6}.Debug|iPhone.ActiveCfg = Debug|Any CPU
		{929FAE5C-91F2-4B01-8C4A-ECF2DC30BDB6}.Debug|iPhone.Build.0 = Debug|Any CPU
		{929FAE5C-91F2-4B01-8C4A-ECF2DC30BDB6}.Debug|iPhone.Deploy.0 = Debug|Any CPU
		{929FAE5C-91F2-4B01-8C4A-ECF2DC30BDB6}.Debug|iPhoneSimulator.ActiveCfg = Debug|Any CPU
		{929FAE5C-91F2-4B01-8C4A-ECF2DC30BDB6}.Debug|iPhoneSimulator.Build.0 = Debug|Any CPU
		{929FAE5C-91F2-4B01-8C4A-ECF2DC30BDB6}.Debug|iPhoneSimulator.Deploy.0 = Debug|Any CPU
		{929FAE5C-91F2-4B01-8C4A-ECF2DC30BDB6}.Release|Any CPU.ActiveCfg = Release|Any CPU
		{929FAE5C-91F2-4B01-8C4A-ECF2DC30BDB6}.Release|Any CPU.Build.0 = Release|Any CPU
		{929FAE5C-91F2-4B01-8C4A-ECF2DC30BDB6}.Release|Any CPU.Deploy.0 = Release|Any CPU
		{929FAE5C-91F2-4B01-8C4A-ECF2DC30BDB6}.Release|iPhone.ActiveCfg = Release|Any CPU
		{929FAE5C-91F2-4B01-8C4A-ECF2DC30BDB6}.Release|iPhone.Build.0 = Release|Any CPU
		{929FAE5C-91F2-4B01-8C4A-ECF2DC30BDB6}.Release|iPhone.Deploy.0 = Release|Any CPU
		{929FAE5C-91F2-4B01-8C4A-ECF2DC30BDB6}.Release|iPhoneSimulator.ActiveCfg = Release|Any CPU
		{929FAE5C-91F2-4B01-8C4A-ECF2DC30BDB6}.Release|iPhoneSimulator.Build.0 = Release|Any CPU
		{929FAE5C-91F2-4B01-8C4A-ECF2DC30BDB6}.Release|iPhoneSimulator.Deploy.0 = Release|Any CPU
		{7C92BCEB-6A4B-4ABC-9357-CF41C7EEAB4D}.Debug|Any CPU.ActiveCfg = Debug|iPhone
		{7C92BCEB-6A4B-4ABC-9357-CF41C7EEAB4D}.Debug|Any CPU.Build.0 = Debug|iPhone
		{7C92BCEB-6A4B-4ABC-9357-CF41C7EEAB4D}.Debug|Any CPU.Deploy.0 = Debug|iPhone
		{7C92BCEB-6A4B-4ABC-9357-CF41C7EEAB4D}.Debug|iPhone.ActiveCfg = Debug|iPhone
		{7C92BCEB-6A4B-4ABC-9357-CF41C7EEAB4D}.Debug|iPhone.Build.0 = Debug|iPhone
		{7C92BCEB-6A4B-4ABC-9357-CF41C7EEAB4D}.Debug|iPhone.Deploy.0 = Debug|iPhone
		{7C92BCEB-6A4B-4ABC-9357-CF41C7EEAB4D}.Debug|iPhoneSimulator.ActiveCfg = Debug|iPhoneSimulator
		{7C92BCEB-6A4B-4ABC-9357-CF41C7EEAB4D}.Debug|iPhoneSimulator.Build.0 = Debug|iPhoneSimulator
		{7C92BCEB-6A4B-4ABC-9357-CF41C7EEAB4D}.Debug|iPhoneSimulator.Deploy.0 = Debug|iPhoneSimulator
		{7C92BCEB-6A4B-4ABC-9357-CF41C7EEAB4D}.Release|Any CPU.ActiveCfg = Release|iPhoneSimulator
		{7C92BCEB-6A4B-4ABC-9357-CF41C7EEAB4D}.Release|Any CPU.Build.0 = Release|iPhoneSimulator
		{7C92BCEB-6A4B-4ABC-9357-CF41C7EEAB4D}.Release|Any CPU.Deploy.0 = Release|iPhoneSimulator
		{7C92BCEB-6A4B-4ABC-9357-CF41C7EEAB4D}.Release|iPhone.ActiveCfg = Release|iPhone
		{7C92BCEB-6A4B-4ABC-9357-CF41C7EEAB4D}.Release|iPhone.Build.0 = Release|iPhone
		{7C92BCEB-6A4B-4ABC-9357-CF41C7EEAB4D}.Release|iPhone.Deploy.0 = Release|iPhone
		{7C92BCEB-6A4B-4ABC-9357-CF41C7EEAB4D}.Release|iPhoneSimulator.ActiveCfg = Release|iPhoneSimulator
		{7C92BCEB-6A4B-4ABC-9357-CF41C7EEAB4D}.Release|iPhoneSimulator.Build.0 = Release|iPhoneSimulator
		{7C92BCEB-6A4B-4ABC-9357-CF41C7EEAB4D}.Release|iPhoneSimulator.Deploy.0 = Release|iPhoneSimulator
		{F464D8AD-348C-4BA3-903A-62963DF083EA}.Debug|Any CPU.ActiveCfg = Debug|Any CPU
		{F464D8AD-348C-4BA3-903A-62963DF083EA}.Debug|Any CPU.Build.0 = Debug|Any CPU
		{F464D8AD-348C-4BA3-903A-62963DF083EA}.Debug|Any CPU.Deploy.0 = Debug|Any CPU
		{F464D8AD-348C-4BA3-903A-62963DF083EA}.Debug|iPhone.ActiveCfg = Debug|Any CPU
		{F464D8AD-348C-4BA3-903A-62963DF083EA}.Debug|iPhone.Build.0 = Debug|Any CPU
		{F464D8AD-348C-4BA3-903A-62963DF083EA}.Debug|iPhone.Deploy.0 = Debug|Any CPU
		{F464D8AD-348C-4BA3-903A-62963DF083EA}.Debug|iPhoneSimulator.ActiveCfg = Debug|Any CPU
		{F464D8AD-348C-4BA3-903A-62963DF083EA}.Debug|iPhoneSimulator.Build.0 = Debug|Any CPU
		{F464D8AD-348C-4BA3-903A-62963DF083EA}.Debug|iPhoneSimulator.Deploy.0 = Debug|Any CPU
		{F464D8AD-348C-4BA3-903A-62963DF083EA}.Release|Any CPU.ActiveCfg = Release|Any CPU
		{F464D8AD-348C-4BA3-903A-62963DF083EA}.Release|Any CPU.Build.0 = Release|Any CPU
		{F464D8AD-348C-4BA3-903A-62963DF083EA}.Release|Any CPU.Deploy.0 = Release|Any CPU
		{F464D8AD-348C-4BA3-903A-62963DF083EA}.Release|iPhone.ActiveCfg = Release|Any CPU
		{F464D8AD-348C-4BA3-903A-62963DF083EA}.Release|iPhone.Build.0 = Release|Any CPU
		{F464D8AD-348C-4BA3-903A-62963DF083EA}.Release|iPhone.Deploy.0 = Release|Any CPU
		{F464D8AD-348C-4BA3-903A-62963DF083EA}.Release|iPhoneSimulator.ActiveCfg = Release|Any CPU
		{F464D8AD-348C-4BA3-903A-62963DF083EA}.Release|iPhoneSimulator.Build.0 = Release|Any CPU
		{F464D8AD-348C-4BA3-903A-62963DF083EA}.Release|iPhoneSimulator.Deploy.0 = Release|Any CPU
	EndGlobalSection
	GlobalSection(SolutionProperties) = preSolution
		HideSolutionNode = FALSE
	EndGlobalSection
	GlobalSection(ExtensibilityGlobals) = postSolution
		SolutionGuid = {0D45473E-7892-4037-84C9-B1A5ED62E290}
	EndGlobalSection
EndGlobal
